
Microsoft Visual Studio Solution File, Format Version 12.00
Project("{FAE04EC0-301F-11D3-BF4B-00C04F79EFBC}") = "Pathfinder", "Pathfinder\Pathfinder.csproj", "{8AE72A1D-6503-4464-873D-C30A67D99C8A}"
EndProject
Project("{FAE04EC0-301F-11D3-BF4B-00C04F79EFBC}") = "Pathfinder.Tests", "Pathfinder.Tests\Pathfinder.Tests.csproj", "{DF7A4CB3-CA9A-427B-9587-D19EE1A0EFC6}"
EndProject
Project("{FAE04EC0-301F-11D3-BF4B-00C04F79EFBC}") = "MemoryAPI", "..\EasyFarm\MemoryAPI\MemoryAPI.csproj", "{CC6CC9BE-32F0-4B8A-A1AD-6C7C744E2FAD}"
EndProject
Project("{FAE04EC0-301F-11D3-BF4B-00C04F79EFBC}") = "EasyFarm", "..\EasyFarm\EasyFarm\EasyFarm.csproj", "{14508978-627B-46AE-9779-1F6B4FB0611E}"
EndProject
Global
	GlobalSection(SolutionConfigurationPlatforms) = preSolution
		Debug|Any CPU = Debug|Any CPU
		Release|Any CPU = Release|Any CPU
	EndGlobalSection
	GlobalSection(ProjectConfigurationPlatforms) = postSolution
		{8AE72A1D-6503-4464-873D-C30A67D99C8A}.Debug|Any CPU.ActiveCfg = Debug|Any CPU
		{8AE72A1D-6503-4464-873D-C30A67D99C8A}.Debug|Any CPU.Build.0 = Debug|Any CPU
		{8AE72A1D-6503-4464-873D-C30A67D99C8A}.Release|Any CPU.ActiveCfg = Release|Any CPU
		{8AE72A1D-6503-4464-873D-C30A67D99C8A}.Release|Any CPU.Build.0 = Release|Any CPU
		{DF7A4CB3-CA9A-427B-9587-D19EE1A0EFC6}.Debug|Any CPU.ActiveCfg = Debug|Any CPU
		{DF7A4CB3-CA9A-427B-9587-D19EE1A0EFC6}.Debug|Any CPU.Build.0 = Debug|Any CPU
		{DF7A4CB3-CA9A-427B-9587-D19EE1A0EFC6}.Release|Any CPU.ActiveCfg = Release|Any CPU
		{DF7A4CB3-CA9A-427B-9587-D19EE1A0EFC6}.Release|Any CPU.Build.0 = Release|Any CPU
		{CC6CC9BE-32F0-4B8A-A1AD-6C7C744E2FAD}.Debug|Any CPU.ActiveCfg = Debug|x86
		{CC6CC9BE-32F0-4B8A-A1AD-6C7C744E2FAD}.Debug|Any CPU.Build.0 = Debug|x86
		{CC6CC9BE-32F0-4B8A-A1AD-6C7C744E2FAD}.Release|Any CPU.ActiveCfg = Release|x86
		{CC6CC9BE-32F0-4B8A-A1AD-6C7C744E2FAD}.Release|Any CPU.Build.0 = Release|x86
		{14508978-627B-46AE-9779-1F6B4FB0611E}.Debug|Any CPU.ActiveCfg = Debug|x86
		{14508978-627B-46AE-9779-1F6B4FB0611E}.Debug|Any CPU.Build.0 = Debug|x86
		{14508978-627B-46AE-9779-1F6B4FB0611E}.Release|Any CPU.ActiveCfg = Release|x86
		{14508978-627B-46AE-9779-1F6B4FB0611E}.Release|Any CPU.Build.0 = Release|x86
	EndGlobalSection
EndGlobal
